hash: 49ccaf448ea0697d70bbb67aa4981280a457775bf630c3d368daf3bf387ed675
updated: 2016-03-20T18:42:59.649524611Z
imports:
- name: github.com/codegangsta/cli
  version: aca5b047ed14d17224157c3434ea93bf6cdaadee
- name: github.com/davecgh/go-spew
  version: 5215b55f46b2b919f50a1df0eaa5886afe4e3b3d
  subpackages:
  - spew
- name: github.com/gogo/protobuf
  version: d5d4941acc4490628827091cafee2168f8c4bc67
  subpackages:
  - proto
- name: github.com/hashicorp/go.net
  version: 104dcad90073cd8d1e6828b2af19185b60cf3e29
  subpackages:
  - ipv4
  - ipv6
  - internal/iana
- name: github.com/hashicorp/mdns
  version: 9d85cf22f9f8d53cb5c81c1b2749f438b2ee333f
- name: github.com/miekg/dns
  version: f8964231a81dcbe9fc5f13a228c7f10a933acc50
- name: golang.org/x/net
  version: 35b06af0720201bc2f326773a80767387544f8c4
  subpackages:
  - context
devImports: []
