github.com/davecgh/go-spew v1.0.1-0.20160907170601-6d212800a42e/go.mod h1:J7Y8YcW2NihsgmVo/mv3lAwl/skON4iLHjSsI+c5H38=
github.com/gogo/protobuf v0.0.0-20161014173244-50d1bd39ce4e h1:eeyMpoxANuWNQ9O2auv4wXxJsrXzLUhdHaOmNWEGkRY=
github.com/gogo/protobuf v0.0.0-20161014173244-50d1bd39ce4e/go.mod h1:r8qH/GZQm5c6nD/R0oafs1akxWv10x8SbQlK7atdtwQ=
github.com/hashicorp/go.net v0.0.0-20151006203346-104dcad90073 h1:9dodOMuH6u7LvPEkVydBv6KTHdm+SqsHOxHTzRW+1+w=
github.com/hashicorp/go.net v0.0.0-20151006203346-104dcad90073/go.mod h1:hjKkEWcCURg++eb33jQU7oqQcI9XDCnUzHA0oac0k90=
github.com/hashicorp/mdns v0.0.0-20151206042412-9d85cf22f9f8 h1:yupxZNIxm5U8Tfb8g65irIuHkgF8c4koHC7daPSyMTE=
github.com/hashicorp/mdns v0.0.0-20151206042412-9d85cf22f9f8/go.mod h1:aa76Av3qgPeIQp9Y3qIkTBPieQYNkQ13Kxe7pze9Wb0=
github.com/miekg/dns v0.0.0-20161006100029-fc4e1e2843d8 h1:ALvJ9V8nNf04PFHMR2sot56N/pjrx5LzZGvUlnhdiCE=
github.com/miekg/dns v0.0.0-20161006100029-fc4e1e2843d8/go.mod h1:W1PPwlIAgtquWBMBEV9nkV9Cazfe8ScdGz/Lj7v3Nrg=
github.com/pmezard/go-difflib v0.0.0-20151028094244-d8ed2627bdf0/go.mod h1:iKH77koFhYxTK1pcRnkKkqfTogsbg7gZNVY4sRDYZ/4=
github.com/stretchr/testify v1.1.5-0.20160925220609-976c720a22c8/go.mod h1:a8OnRcib4nhh0OaRAV+Yts87kKdq0PP7pXfy6kDkUVs=
github.com/urfave/cli v1.20.0 h1:fDqGv3UG/4jbVl/QkFwEdddtEDjh/5Ov6X+0B/3bPaw=
github.com/urfave/cli v1.20.0/go.mod h1:70zkFmudgCuE/ngEzBv17Jvp/497gISqfk5gWijbERA=
golang.org/x/net v0.0.0-20161013035702-8b4af36cd21a h1:YEFEcqrj8fWeC0px2Ha5IrK20xodii3wn+N+jzuFRKQ=
golang.org/x/net v0.0.0-20161013035702-8b4af36cd21a/go.mod h1:mL1N/T3taQHkDXs73rZJwtUhF3w3ftmwwsq0BUmARs4=
